
Microsoft Visual Studio Solution File, Format Version 12.00
# Visual Studio Version 16
VisualStudioVersion = 16.0.30011.22
MinimumVisualStudioVersion = 10.0.40219.1
Project("{FAE04EC0-301F-11D3-BF4B-00C04F79EFBC}") = "CGG.com", "CGG.com\CGG.com.csproj", "{3206BDDC-21AC-4AE1-8F69-CA3A9AEAFDE9}"
EndProject
Global
	GlobalSection(SolutionConfigurationPlatforms) = preSolution
		Debug|Any CPU = Debug|Any CPU
		Release|Any CPU = Release|Any CPU
	EndGlobalSection
	GlobalSection(ProjectConfigurationPlatforms) = postSolution
		{3206BDDC-21AC-4AE1-8F69-CA3A9AEAFDE9}.Debug|Any CPU.ActiveCfg = Debug|Any CPU
		{3206BDDC-21AC-4AE1-8F69-CA3A9AEAFDE9}.Debug|Any CPU.Build.0 = Debug|Any CPU
		{3206BDDC-21AC-4AE1-8F69-CA3A9AEAFDE9}.Release|Any CPU.ActiveCfg = Release|Any CPU
		{3206BDDC-21AC-4AE1-8F69-CA3A9AEAFDE9}.Release|Any CPU.Build.0 = Release|Any CPU
	EndGlobalSection
	GlobalSection(SolutionProperties) = preSolution
		HideSolutionNode = FALSE
	EndGlobalSection
	GlobalSection(ExtensibilityGlobals) = postSolution
		SolutionGuid = {009F1FC5-F499-47F7-BB80-455401E5BC02}
	EndGlobalSection
EndGlobal
